
Microsoft Visual Studio Solution File, Format Version 12.00
# Visual Studio Version 17
VisualStudioVersion = 17.1.32210.238
MinimumVisualStudioVersion = 10.0.40219.1
Project("{FAE04EC0-301F-11D3-BF4B-00C04F79EFBC}") = "ProgramsSetSln", "ProgramsSetSln\ProgramsSetSln.csproj", "{766235EB-4CC9-4627-83B5-BEAE9AE264B8}"
EndProject
Project("{FAE04EC0-301F-11D3-BF4B-00C04F79EFBC}") = "DataDrivenExcel", "DataDrivenExcel\DataDrivenExcel.csproj", "{62AF45AC-261A-45DF-95F6-9C4C65D7665D}"
EndProject
Global
	GlobalSection(SolutionConfigurationPlatforms) = preSolution
		Debug|Any CPU = Debug|Any CPU
		Release|Any CPU = Release|Any CPU
	EndGlobalSection
	GlobalSection(ProjectConfigurationPlatforms) = postSolution
		{766235EB-4CC9-4627-83B5-BEAE9AE264B8}.Debug|Any CPU.ActiveCfg = Debug|Any CPU
		{766235EB-4CC9-4627-83B5-BEAE9AE264B8}.Debug|Any CPU.Build.0 = Debug|Any CPU
		{766235EB-4CC9-4627-83B5-BEAE9AE264B8}.Release|Any CPU.ActiveCfg = Release|Any CPU
		{766235EB-4CC9-4627-83B5-BEAE9AE264B8}.Release|Any CPU.Build.0 = Release|Any CPU
		{62AF45AC-261A-45DF-95F6-9C4C65D7665D}.Debug|Any CPU.ActiveCfg = Debug|Any CPU
		{62AF45AC-261A-45DF-95F6-9C4C65D7665D}.Debug|Any CPU.Build.0 = Debug|Any CPU
		{62AF45AC-261A-45DF-95F6-9C4C65D7665D}.Release|Any CPU.ActiveCfg = Release|Any CPU
		{62AF45AC-261A-45DF-95F6-9C4C65D7665D}.Release|Any CPU.Build.0 = Release|Any CPU
	EndGlobalSection
	GlobalSection(SolutionProperties) = preSolution
		HideSolutionNode = FALSE
	EndGlobalSection
	GlobalSection(ExtensibilityGlobals) = postSolution
		SolutionGuid = {EE8C5EC6-1461-471C-94C7-FE8A22D8247F}
	EndGlobalSection
EndGlobal
